
Microsoft Visual Studio Solution File, Format Version 12.00
# Visual Studio Version 17
VisualStudioVersion = 17.14.36212.18 d17.14
MinimumVisualStudioVersion = 10.0.40219.1
Project("{FAE04EC0-301F-11D3-BF4B-00C04F79EFBC}") = "Zodiac_sign", "Zodiac_sign\Zodiac_sign.csproj", "{A66987AC-4BD8-44B4-96C7-23D8A3AAD690}"
EndProject
Global
	GlobalSection(SolutionConfigurationPlatforms) = preSolution
		Debug|Any CPU = Debug|Any CPU
		Release|Any CPU = Release|Any CPU
	EndGlobalSection
	GlobalSection(ProjectConfigurationPlatforms) = postSolution
		{A66987AC-4BD8-44B4-96C7-23D8A3AAD690}.Debug|Any CPU.ActiveCfg = Debug|Any CPU
		{A66987AC-4BD8-44B4-96C7-23D8A3AAD690}.Debug|Any CPU.Build.0 = Debug|Any CPU
		{A66987AC-4BD8-44B4-96C7-23D8A3AAD690}.Release|Any CPU.ActiveCfg = Release|Any CPU
		{A66987AC-4BD8-44B4-96C7-23D8A3AAD690}.Release|Any CPU.Build.0 = Release|Any CPU
	EndGlobalSection
	GlobalSection(SolutionProperties) = preSolution
		HideSolutionNode = FALSE
	EndGlobalSection
	GlobalSection(ExtensibilityGlobals) = postSolution
		SolutionGuid = {89D789FF-EE35-4830-82AD-1BC77B8D3E39}
	EndGlobalSection
EndGlobal
